
Microsoft Visual Studio Solution File, Format Version 12.00
# Visual Studio Version 17
VisualStudioVersion = 17.14.36401.2
MinimumVisualStudioVersion = 10.0.40219.1
Project("{FAE04EC0-301F-11D3-BF4B-00C04F79EFBC}") = "Imobi.MVC", "src\Imobi.MVC\Imobi.MVC.csproj", "{8FB1637E-9A38-8A88-2412-427A6FE8585C}"
EndProject
Project("{2150E333-8FDC-42A3-9474-1A3956D46DE8}") = "1 - Aplication", "1 - Aplication", "{02EA681E-C7D8-13C7-8484-4AC65E1B71E8}"
EndProject
Project("{2150E333-8FDC-42A3-9474-1A3956D46DE8}") = "2 - Domain", "2 - Domain", "{0C489463-0DA5-44AF-9E86-E6FF5C3F4A50}"
EndProject
Project("{2150E333-8FDC-42A3-9474-1A3956D46DE8}") = "3 - Service", "3 - Service", "{C95BFDA3-DADF-4A69-B1D2-66BFDFEC5DE4}"
EndProject
Project("{2150E333-8FDC-42A3-9474-1A3956D46DE8}") = "4 - Infra", "4 - Infra", "{C9AE28A6-03A8-4B36-99B7-0C99268DC271}"
EndProject
Project("{2150E333-8FDC-42A3-9474-1A3956D46DE8}") = "4", "4", "{EEA4C994-9E94-438F-AB53-D5F29F4530A9}"
EndProject
Project("{2150E333-8FDC-42A3-9474-1A3956D46DE8}") = "5 - Doc", "5 - Doc", "{EC86A650-167A-4025-9F7B-EA91FC5F9FD1}"
EndProject
Project("{FAE04EC0-301F-11D3-BF4B-00C04F79EFBC}") = "Imobi.Domain", "src\Imobi.Domain\Imobi.Domain.csproj", "{54FAF95C-C466-4B99-8FE9-B0F1476814FE}"
EndProject
Project("{FAE04EC0-301F-11D3-BF4B-00C04F79EFBC}") = "Imobi.Service", "src\Imobi.Service\Imobi.Service.csproj", "{77577F7E-0478-476E-AF80-B4F6D9C631D8}"
EndProject
Project("{FAE04EC0-301F-11D3-BF4B-00C04F79EFBC}") = "Imobi.Data", "src\Imobi.Data\Imobi.Data.csproj", "{56CB04DC-C2CA-41CA-A602-DE83B14986C5}"
EndProject
Global
	GlobalSection(SolutionConfigurationPlatforms) = preSolution
		Debug|Any CPU = Debug|Any CPU
		Release|Any CPU = Release|Any CPU
	EndGlobalSection
	GlobalSection(ProjectConfigurationPlatforms) = postSolution
		{8FB1637E-9A38-8A88-2412-427A6FE8585C}.Debug|Any CPU.ActiveCfg = Debug|Any CPU
		{8FB1637E-9A38-8A88-2412-427A6FE8585C}.Debug|Any CPU.Build.0 = Debug|Any CPU
		{8FB1637E-9A38-8A88-2412-427A6FE8585C}.Release|Any CPU.ActiveCfg = Release|Any CPU
		{8FB1637E-9A38-8A88-2412-427A6FE8585C}.Release|Any CPU.Build.0 = Release|Any CPU
		{54FAF95C-C466-4B99-8FE9-B0F1476814FE}.Debug|Any CPU.ActiveCfg = Debug|Any CPU
		{54FAF95C-C466-4B99-8FE9-B0F1476814FE}.Debug|Any CPU.Build.0 = Debug|Any CPU
		{54FAF95C-C466-4B99-8FE9-B0F1476814FE}.Release|Any CPU.ActiveCfg = Release|Any CPU
		{54FAF95C-C466-4B99-8FE9-B0F1476814FE}.Release|Any CPU.Build.0 = Release|Any CPU
		{77577F7E-0478-476E-AF80-B4F6D9C631D8}.Debug|Any CPU.ActiveCfg = Debug|Any CPU
		{77577F7E-0478-476E-AF80-B4F6D9C631D8}.Debug|Any CPU.Build.0 = Debug|Any CPU
		{77577F7E-0478-476E-AF80-B4F6D9C631D8}.Release|Any CPU.ActiveCfg = Release|Any CPU
		{77577F7E-0478-476E-AF80-B4F6D9C631D8}.Release|Any CPU.Build.0 = Release|Any CPU
		{56CB04DC-C2CA-41CA-A602-DE83B14986C5}.Debug|Any CPU.ActiveCfg = Debug|Any CPU
		{56CB04DC-C2CA-41CA-A602-DE83B14986C5}.Debug|Any CPU.Build.0 = Debug|Any CPU
		{56CB04DC-C2CA-41CA-A602-DE83B14986C5}.Release|Any CPU.ActiveCfg = Release|Any CPU
		{56CB04DC-C2CA-41CA-A602-DE83B14986C5}.Release|Any CPU.Build.0 = Release|Any CPU
	EndGlobalSection
	GlobalSection(SolutionProperties) = preSolution
		HideSolutionNode = FALSE
	EndGlobalSection
	GlobalSection(NestedProjects) = preSolution
		{8FB1637E-9A38-8A88-2412-427A6FE8585C} = {02EA681E-C7D8-13C7-8484-4AC65E1B71E8}
		{EEA4C994-9E94-438F-AB53-D5F29F4530A9} = {C9AE28A6-03A8-4B36-99B7-0C99268DC271}
		{54FAF95C-C466-4B99-8FE9-B0F1476814FE} = {0C489463-0DA5-44AF-9E86-E6FF5C3F4A50}
		{77577F7E-0478-476E-AF80-B4F6D9C631D8} = {C95BFDA3-DADF-4A69-B1D2-66BFDFEC5DE4}
		{56CB04DC-C2CA-41CA-A602-DE83B14986C5} = {EEA4C994-9E94-438F-AB53-D5F29F4530A9}
	EndGlobalSection
	GlobalSection(ExtensibilityGlobals) = postSolution
		SolutionGuid = {1891AD18-15B7-497A-BCF4-9A712100B69C}
	EndGlobalSection
EndGlobal
